
Microsoft Visual Studio Solution File, Format Version 12.00
# Visual Studio Version 17
VisualStudioVersion = 17.8.34511.84
MinimumVisualStudioVersion = 10.0.40219.1
Project("{FAE04EC0-301F-11D3-BF4B-00C04F79EFBC}") = "DotNetTrainingBatch3.ConsoleApp", "DotNetTrainingBatch3.ConsoleApp\DotNetTrainingBatch3.ConsoleApp.csproj", "{2AE3676F-06E0-4E91-98FC-6E4CE1C7CD3C}"
EndProject
Global
	GlobalSection(SolutionConfigurationPlatforms) = preSolution
		Debug|Any CPU = Debug|Any CPU
		Release|Any CPU = Release|Any CPU
	EndGlobalSection
	GlobalSection(ProjectConfigurationPlatforms) = postSolution
		{2AE3676F-06E0-4E91-98FC-6E4CE1C7CD3C}.Debug|Any CPU.ActiveCfg = Debug|Any CPU
		{2AE3676F-06E0-4E91-98FC-6E4CE1C7CD3C}.Debug|Any CPU.Build.0 = Debug|Any CPU
		{2AE3676F-06E0-4E91-98FC-6E4CE1C7CD3C}.Release|Any CPU.ActiveCfg = Release|Any CPU
		{2AE3676F-06E0-4E91-98FC-6E4CE1C7CD3C}.Release|Any CPU.Build.0 = Release|Any CPU
	EndGlobalSection
	GlobalSection(SolutionProperties) = preSolution
		HideSolutionNode = FALSE
	EndGlobalSection
	GlobalSection(ExtensibilityGlobals) = postSolution
		SolutionGuid = {1DA48202-A9FD-40C9-9F3A-76BD1B7907BD}
	EndGlobalSection
EndGlobal
